
Microsoft Visual Studio Solution File, Format Version 12.00
# Visual Studio Version 16
VisualStudioVersion = 16.0.32126.315
MinimumVisualStudioVersion = 10.0.40219.1
Project("{2150E333-8FDC-42A3-9474-1A3956D46DE8}") = "Common", "Common", "{6E4C409D-269C-4347-BBBE-396626AD01D1}"
EndProject
Project("{FAE04EC0-301F-11D3-BF4B-00C04F79EFBC}") = "Common.Model", "Common.Model\Common.Model.csproj", "{2A90A592-1781-4628-8006-C30AC6FA6959}"
EndProject
Project("{FAE04EC0-301F-11D3-BF4B-00C04F79EFBC}") = "Common.DAL", "Common.DAL\Common.DAL.csproj", "{98EBE4D7-DBE0-4196-A3FF-A21B7C637EFD}"
EndProject
Project("{FAE04EC0-301F-11D3-BF4B-00C04F79EFBC}") = "Common", "Common.DTO\Common.csproj", "{7EB6771A-B164-44EE-AA45-25BBDC9E3F70}"
EndProject
Project("{FAE04EC0-301F-11D3-BF4B-00C04F79EFBC}") = "Common.BL", "Common.BL\Common.BL.csproj", "{A0AE2F99-3473-466F-8CA2-BF032DC600D4}"
EndProject
Project("{2150E333-8FDC-42A3-9474-1A3956D46DE8}") = "eLearning", "eLearning", "{2986DC81-5A3D-40F9-A722-1237679961F9}"
EndProject
Project("{FAE04EC0-301F-11D3-BF4B-00C04F79EFBC}") = "eLearning.Common", "eLearning.Common\eLearning.Common.csproj", "{8F0318A0-010D-49F7-AA78-423DD30C18B3}"
EndProject
Project("{FAE04EC0-301F-11D3-BF4B-00C04F79EFBC}") = "eLearning.Model", "eLearning.Model\eLearning.Model.csproj", "{065850C2-5D22-4697-97E8-E8A172DFAD89}"
EndProject
Project("{FAE04EC0-301F-11D3-BF4B-00C04F79EFBC}") = "eLearning.DAL", "eLearning.DAL\eLearning.DAL.csproj", "{4AB52D86-6568-48EF-9035-CCA821C0045B}"
EndProject
Project("{FAE04EC0-301F-11D3-BF4B-00C04F79EFBC}") = "eLearning.BL", "eLearning.BL\eLearning.BL.csproj", "{66F935CF-99F4-4985-823D-E449F8F7A331}"
EndProject
Project("{FAE04EC0-301F-11D3-BF4B-00C04F79EFBC}") = "Portal", "Portal\Portal.csproj", "{646046FF-B8BB-4965-89E8-1DD7CB1AE82B}"
EndProject
Global
	GlobalSection(SolutionConfigurationPlatforms) = preSolution
		Debug|Any CPU = Debug|Any CPU
		Release|Any CPU = Release|Any CPU
	EndGlobalSection
	GlobalSection(ProjectConfigurationPlatforms) = postSolution
		{2A90A592-1781-4628-8006-C30AC6FA6959}.Debug|Any CPU.ActiveCfg = Debug|Any CPU
		{2A90A592-1781-4628-8006-C30AC6FA6959}.Debug|Any CPU.Build.0 = Debug|Any CPU
		{2A90A592-1781-4628-8006-C30AC6FA6959}.Release|Any CPU.ActiveCfg = Release|Any CPU
		{2A90A592-1781-4628-8006-C30AC6FA6959}.Release|Any CPU.Build.0 = Release|Any CPU
		{98EBE4D7-DBE0-4196-A3FF-A21B7C637EFD}.Debug|Any CPU.ActiveCfg = Debug|Any CPU
		{98EBE4D7-DBE0-4196-A3FF-A21B7C637EFD}.Debug|Any CPU.Build.0 = Debug|Any CPU
		{98EBE4D7-DBE0-4196-A3FF-A21B7C637EFD}.Release|Any CPU.ActiveCfg = Release|Any CPU
		{98EBE4D7-DBE0-4196-A3FF-A21B7C637EFD}.Release|Any CPU.Build.0 = Release|Any CPU
		{7EB6771A-B164-44EE-AA45-25BBDC9E3F70}.Debug|Any CPU.ActiveCfg = Debug|Any CPU
		{7EB6771A-B164-44EE-AA45-25BBDC9E3F70}.Debug|Any CPU.Build.0 = Debug|Any CPU
		{7EB6771A-B164-44EE-AA45-25BBDC9E3F70}.Release|Any CPU.ActiveCfg = Release|Any CPU
		{7EB6771A-B164-44EE-AA45-25BBDC9E3F70}.Release|Any CPU.Build.0 = Release|Any CPU
		{A0AE2F99-3473-466F-8CA2-BF032DC600D4}.Debug|Any CPU.ActiveCfg = Debug|Any CPU
		{A0AE2F99-3473-466F-8CA2-BF032DC600D4}.Debug|Any CPU.Build.0 = Debug|Any CPU
		{A0AE2F99-3473-466F-8CA2-BF032DC600D4}.Release|Any CPU.ActiveCfg = Release|Any CPU
		{A0AE2F99-3473-466F-8CA2-BF032DC600D4}.Release|Any CPU.Build.0 = Release|Any CPU
		{8F0318A0-010D-49F7-AA78-423DD30C18B3}.Debug|Any CPU.ActiveCfg = Debug|Any CPU
		{8F0318A0-010D-49F7-AA78-423DD30C18B3}.Debug|Any CPU.Build.0 = Debug|Any CPU
		{8F0318A0-010D-49F7-AA78-423DD30C18B3}.Release|Any CPU.ActiveCfg = Release|Any CPU
		{8F0318A0-010D-49F7-AA78-423DD30C18B3}.Release|Any CPU.Build.0 = Release|Any CPU
		{065850C2-5D22-4697-97E8-E8A172DFAD89}.Debug|Any CPU.ActiveCfg = Debug|Any CPU
		{065850C2-5D22-4697-97E8-E8A172DFAD89}.Debug|Any CPU.Build.0 = Debug|Any CPU
		{065850C2-5D22-4697-97E8-E8A172DFAD89}.Release|Any CPU.ActiveCfg = Release|Any CPU
		{065850C2-5D22-4697-97E8-E8A172DFAD89}.Release|Any CPU.Build.0 = Release|Any CPU
		{4AB52D86-6568-48EF-9035-CCA821C0045B}.Debug|Any CPU.ActiveCfg = Debug|Any CPU
		{4AB52D86-6568-48EF-9035-CCA821C0045B}.Debug|Any CPU.Build.0 = Debug|Any CPU
		{4AB52D86-6568-48EF-9035-CCA821C0045B}.Release|Any CPU.ActiveCfg = Release|Any CPU
		{4AB52D86-6568-48EF-9035-CCA821C0045B}.Release|Any CPU.Build.0 = Release|Any CPU
		{66F935CF-99F4-4985-823D-E449F8F7A331}.Debug|Any CPU.ActiveCfg = Debug|Any CPU
		{66F935CF-99F4-4985-823D-E449F8F7A331}.Debug|Any CPU.Build.0 = Debug|Any CPU
		{66F935CF-99F4-4985-823D-E449F8F7A331}.Release|Any CPU.ActiveCfg = Release|Any CPU
		{66F935CF-99F4-4985-823D-E449F8F7A331}.Release|Any CPU.Build.0 = Release|Any CPU
		{646046FF-B8BB-4965-89E8-1DD7CB1AE82B}.Debug|Any CPU.ActiveCfg = Debug|Any CPU
		{646046FF-B8BB-4965-89E8-1DD7CB1AE82B}.Debug|Any CPU.Build.0 = Debug|Any CPU
		{646046FF-B8BB-4965-89E8-1DD7CB1AE82B}.Release|Any CPU.ActiveCfg = Release|Any CPU
		{646046FF-B8BB-4965-89E8-1DD7CB1AE82B}.Release|Any CPU.Build.0 = Release|Any CPU
	EndGlobalSection
	GlobalSection(SolutionProperties) = preSolution
		HideSolutionNode = FALSE
	EndGlobalSection
	GlobalSection(NestedProjects) = preSolution
		{2A90A592-1781-4628-8006-C30AC6FA6959} = {6E4C409D-269C-4347-BBBE-396626AD01D1}
		{98EBE4D7-DBE0-4196-A3FF-A21B7C637EFD} = {6E4C409D-269C-4347-BBBE-396626AD01D1}
		{7EB6771A-B164-44EE-AA45-25BBDC9E3F70} = {6E4C409D-269C-4347-BBBE-396626AD01D1}
		{A0AE2F99-3473-466F-8CA2-BF032DC600D4} = {6E4C409D-269C-4347-BBBE-396626AD01D1}
		{8F0318A0-010D-49F7-AA78-423DD30C18B3} = {2986DC81-5A3D-40F9-A722-1237679961F9}
		{065850C2-5D22-4697-97E8-E8A172DFAD89} = {2986DC81-5A3D-40F9-A722-1237679961F9}
		{4AB52D86-6568-48EF-9035-CCA821C0045B} = {2986DC81-5A3D-40F9-A722-1237679961F9}
		{66F935CF-99F4-4985-823D-E449F8F7A331} = {2986DC81-5A3D-40F9-A722-1237679961F9}
	EndGlobalSection
	GlobalSection(ExtensibilityGlobals) = postSolution
		SolutionGuid = {F7A690C5-CE33-4107-912D-F67A8B48C289}
	EndGlobalSection
EndGlobal
